
Microsoft Visual Studio Solution File, Format Version 12.00
Project("{FAE04EC0-301F-11D3-BF4B-00C04F79EFBC}") = "o_lab_six", "o_lab_six\o_lab_six.csproj", "{A119108E-B668-4A46-96B2-221D5D6B52D3}"
EndProject
Global
	GlobalSection(SolutionConfigurationPlatforms) = preSolution
		Debug|Any CPU = Debug|Any CPU
		Release|Any CPU = Release|Any CPU
	EndGlobalSection
	GlobalSection(ProjectConfigurationPlatforms) = postSolution
		{A119108E-B668-4A46-96B2-221D5D6B52D3}.Debug|Any CPU.ActiveCfg = Debug|Any CPU
		{A119108E-B668-4A46-96B2-221D5D6B52D3}.Debug|Any CPU.Build.0 = Debug|Any CPU
		{A119108E-B668-4A46-96B2-221D5D6B52D3}.Release|Any CPU.ActiveCfg = Release|Any CPU
		{A119108E-B668-4A46-96B2-221D5D6B52D3}.Release|Any CPU.Build.0 = Release|Any CPU
	EndGlobalSection
EndGlobal
